
Microsoft Visual Studio Solution File, Format Version 12.00
# Visual Studio Version 16
VisualStudioVersion = 16.0.31402.337
MinimumVisualStudioVersion = 10.0.40219.1
Project("{FAE04EC0-301F-11D3-BF4B-00C04F79EFBC}") = "Lab2-ThucHanh", "Lab2-ThucHanh\Lab2-ThucHanh.csproj", "{2937F1D3-875C-4569-A43E-06413D96BDD5}"
EndProject
Global
	GlobalSection(SolutionConfigurationPlatforms) = preSolution
		Debug|Any CPU = Debug|Any CPU
		Release|Any CPU = Release|Any CPU
	EndGlobalSection
	GlobalSection(ProjectConfigurationPlatforms) = postSolution
		{2937F1D3-875C-4569-A43E-06413D96BDD5}.Debug|Any CPU.ActiveCfg = Debug|Any CPU
		{2937F1D3-875C-4569-A43E-06413D96BDD5}.Debug|Any CPU.Build.0 = Debug|Any CPU
		{2937F1D3-875C-4569-A43E-06413D96BDD5}.Release|Any CPU.ActiveCfg = Release|Any CPU
		{2937F1D3-875C-4569-A43E-06413D96BDD5}.Release|Any CPU.Build.0 = Release|Any CPU
	EndGlobalSection
	GlobalSection(SolutionProperties) = preSolution
		HideSolutionNode = FALSE
	EndGlobalSection
	GlobalSection(ExtensibilityGlobals) = postSolution
		SolutionGuid = {0A597094-7702-4879-93E0-2702B5DBB4FD}
	EndGlobalSection
EndGlobal
